{
  "name": "strike-zone",
  "version": "1.0.0",
  "lockfileVersion": 3,
  "requires": true,
  "packages": {
    "": {
      "name": "strike-zone",
      "version": "1.0.0",
      "dependencies": {
        "stripe": "^22.2.1"
      },
      "engines": {
        "node": ">=18"
      }
    },
    "node_modules/stripe": {
      "version": "22.2.1",
      "resolved": "https://registry.npmjs.org/stripe/-/stripe-22.2.1.tgz",
      "integrity": "sha512-ULAtq25USBEx3yeN5zimEkfYVFETVMP5om25Ryr8ol11P62imaCZLBIEW78T7zm7Wg3wnZi+80S72yf3LCpNhw==",
      "license": "MIT",
      "engines": {
        "node": ">=18"
      },
      "peerDependencies": {
        "@types/node": ">=18"
      },
      "peerDependenciesMeta": {
        "@types/node": {
          "optional": true
        }
      }
    }
  }
}
